
Microsoft Visual Studio Solution File, Format Version 12.00
# Visual Studio Version 17
VisualStudioVersion = 17.3.32901.215
MinimumVisualStudioVersion = 10.0.40219.1
Project("{FAE04EC0-301F-11D3-BF4B-00C04F79EFBC}") = "BE_TEST.Domain", "BE_TEST.Domain\BE_TEST.Domain.csproj", "{9E067E4D-7D87-4D11-89E0-EC80E3B9D36A}"
EndProject
Project("{FAE04EC0-301F-11D3-BF4B-00C04F79EFBC}") = "BE_TEST.Infrastructure", "BE_TEST.Infrastructure\BE_TEST.Infrastructure.csproj", "{215BAB6C-C999-4E13-AC95-C9D466EDB26A}"
EndProject
Project("{FAE04EC0-301F-11D3-BF4B-00C04F79EFBC}") = "BE_TEST.Service", "BE_TEST.Services\BE_TEST.Service.csproj", "{D8065D8A-90CA-4E98-B1F4-1C92D500A6F8}"
EndProject
Project("{FAE04EC0-301F-11D3-BF4B-00C04F79EFBC}") = "BE_TEST.Web", "BE_TEST.Web\BE_TEST.Web.csproj", "{37FA7DE0-07AC-49E8-8827-9B73E7A3544A}"
EndProject
Global
	GlobalSection(SolutionConfigurationPlatforms) = preSolution
		Debug|Any CPU = Debug|Any CPU
		Release|Any CPU = Release|Any CPU
	EndGlobalSection
	GlobalSection(ProjectConfigurationPlatforms) = postSolution
		{9E067E4D-7D87-4D11-89E0-EC80E3B9D36A}.Debug|Any CPU.ActiveCfg = Debug|Any CPU
		{9E067E4D-7D87-4D11-89E0-EC80E3B9D36A}.Debug|Any CPU.Build.0 = Debug|Any CPU
		{9E067E4D-7D87-4D11-89E0-EC80E3B9D36A}.Release|Any CPU.ActiveCfg = Release|Any CPU
		{9E067E4D-7D87-4D11-89E0-EC80E3B9D36A}.Release|Any CPU.Build.0 = Release|Any CPU
		{215BAB6C-C999-4E13-AC95-C9D466EDB26A}.Debug|Any CPU.ActiveCfg = Debug|Any CPU
		{215BAB6C-C999-4E13-AC95-C9D466EDB26A}.Debug|Any CPU.Build.0 = Debug|Any CPU
		{215BAB6C-C999-4E13-AC95-C9D466EDB26A}.Release|Any CPU.ActiveCfg = Release|Any CPU
		{215BAB6C-C999-4E13-AC95-C9D466EDB26A}.Release|Any CPU.Build.0 = Release|Any CPU
		{D8065D8A-90CA-4E98-B1F4-1C92D500A6F8}.Debug|Any CPU.ActiveCfg = Debug|Any CPU
		{D8065D8A-90CA-4E98-B1F4-1C92D500A6F8}.Debug|Any CPU.Build.0 = Debug|Any CPU
		{D8065D8A-90CA-4E98-B1F4-1C92D500A6F8}.Release|Any CPU.ActiveCfg = Release|Any CPU
		{D8065D8A-90CA-4E98-B1F4-1C92D500A6F8}.Release|Any CPU.Build.0 = Release|Any CPU
		{37FA7DE0-07AC-49E8-8827-9B73E7A3544A}.Debug|Any CPU.ActiveCfg = Debug|Any CPU
		{37FA7DE0-07AC-49E8-8827-9B73E7A3544A}.Debug|Any CPU.Build.0 = Debug|Any CPU
		{37FA7DE0-07AC-49E8-8827-9B73E7A3544A}.Release|Any CPU.ActiveCfg = Release|Any CPU
		{37FA7DE0-07AC-49E8-8827-9B73E7A3544A}.Release|Any CPU.Build.0 = Release|Any CPU
	EndGlobalSection
	GlobalSection(SolutionProperties) = preSolution
		HideSolutionNode = FALSE
	EndGlobalSection
	GlobalSection(ExtensibilityGlobals) = postSolution
		SolutionGuid = {6802B495-4D3D-46F3-B04D-7FC46F8D31A5}
	EndGlobalSection
EndGlobal
